
Microsoft Visual Studio Solution File, Format Version 12.00
# Visual Studio 14
VisualStudioVersion = 14.0.25420.1
MinimumVisualStudioVersion = 10.0.40219.1
Project("{FAE04EC0-301F-11D3-BF4B-00C04F79EFBC}") = "mini project", "mini project\mini project.csproj", "{1DC2027D-4BCE-48F0-9590-946120402A96}"
EndProject
Project("{FAE04EC0-301F-11D3-BF4B-00C04F79EFBC}") = "BE", "BE\BE.csproj", "{F9D9AAAC-58EC-4DA4-8A5B-0548CBA5A025}"
EndProject
Project("{FAE04EC0-301F-11D3-BF4B-00C04F79EFBC}") = "Da_", "DAL\Da_.csproj", "{92989DC9-7BB9-4A8A-86F2-A583BAC3CFB2}"
EndProject
Project("{FAE04EC0-301F-11D3-BF4B-00C04F79EFBC}") = "DS", "DS\DS.csproj", "{F46D412E-D5F1-405B-AFFA-43DEA045C1D3}"
EndProject
Global
	GlobalSection(SolutionConfigurationPlatforms) = preSolution
		Debug|Any CPU = Debug|Any CPU
		Release|Any CPU = Release|Any CPU
	EndGlobalSection
	GlobalSection(ProjectConfigurationPlatforms) = postSolution
		{1DC2027D-4BCE-48F0-9590-946120402A96}.Debug|Any CPU.ActiveCfg = Debug|Any CPU
		{1DC2027D-4BCE-48F0-9590-946120402A96}.Debug|Any CPU.Build.0 = Debug|Any CPU
		{1DC2027D-4BCE-48F0-9590-946120402A96}.Release|Any CPU.ActiveCfg = Release|Any CPU
		{1DC2027D-4BCE-48F0-9590-946120402A96}.Release|Any CPU.Build.0 = Release|Any CPU
		{F9D9AAAC-58EC-4DA4-8A5B-0548CBA5A025}.Debug|Any CPU.ActiveCfg = Debug|Any CPU
		{F9D9AAAC-58EC-4DA4-8A5B-0548CBA5A025}.Debug|Any CPU.Build.0 = Debug|Any CPU
		{F9D9AAAC-58EC-4DA4-8A5B-0548CBA5A025}.Release|Any CPU.ActiveCfg = Release|Any CPU
		{F9D9AAAC-58EC-4DA4-8A5B-0548CBA5A025}.Release|Any CPU.Build.0 = Release|Any CPU
		{92989DC9-7BB9-4A8A-86F2-A583BAC3CFB2}.Debug|Any CPU.ActiveCfg = Debug|Any CPU
		{92989DC9-7BB9-4A8A-86F2-A583BAC3CFB2}.Debug|Any CPU.Build.0 = Debug|Any CPU
		{92989DC9-7BB9-4A8A-86F2-A583BAC3CFB2}.Release|Any CPU.ActiveCfg = Release|Any CPU
		{92989DC9-7BB9-4A8A-86F2-A583BAC3CFB2}.Release|Any CPU.Build.0 = Release|Any CPU
		{F46D412E-D5F1-405B-AFFA-43DEA045C1D3}.Debug|Any CPU.ActiveCfg = Debug|Any CPU
		{F46D412E-D5F1-405B-AFFA-43DEA045C1D3}.Debug|Any CPU.Build.0 = Debug|Any CPU
		{F46D412E-D5F1-405B-AFFA-43DEA045C1D3}.Release|Any CPU.ActiveCfg = Release|Any CPU
		{F46D412E-D5F1-405B-AFFA-43DEA045C1D3}.Release|Any CPU.Build.0 = Release|Any CPU
	EndGlobalSection
	GlobalSection(SolutionProperties) = preSolution
		HideSolutionNode = FALSE
	EndGlobalSection
EndGlobal
